
Microsoft Visual Studio Solution File, Format Version 12.00
# Visual Studio Version 17
VisualStudioVersion = 17.10.35013.160
MinimumVisualStudioVersion = 10.0.40219.1
Project("{9A19103F-16F7-4668-BE54-9A1E7A4F7556}") = "RabbitMQPerformanceBenchmark", "RabbitMQPerformanceBenchmark\RabbitMQPerformanceBenchmark.csproj", "{C537A86C-FE98-49C2-86FD-12FA96DF14E2}"
EndProject
Global
	GlobalSection(SolutionConfigurationPlatforms) = preSolution
		Debug|Any CPU = Debug|Any CPU
		Release|Any CPU = Release|Any CPU
	EndGlobalSection
	GlobalSection(ProjectConfigurationPlatforms) = postSolution
		{C537A86C-FE98-49C2-86FD-12FA96DF14E2}.Debug|Any CPU.ActiveCfg = Debug|Any CPU
		{C537A86C-FE98-49C2-86FD-12FA96DF14E2}.Debug|Any CPU.Build.0 = Debug|Any CPU
		{C537A86C-FE98-49C2-86FD-12FA96DF14E2}.Release|Any CPU.ActiveCfg = Release|Any CPU
		{C537A86C-FE98-49C2-86FD-12FA96DF14E2}.Release|Any CPU.Build.0 = Release|Any CPU
	EndGlobalSection
	GlobalSection(SolutionProperties) = preSolution
		HideSolutionNode = FALSE
	EndGlobalSection
	GlobalSection(ExtensibilityGlobals) = postSolution
		SolutionGuid = {F19F2BEB-5548-47EA-8297-523963A76E4A}
	EndGlobalSection
EndGlobal
